
Microsoft Visual Studio Solution File, Format Version 12.00
# Visual Studio Version 17
VisualStudioVersion = 17.5.002.0
MinimumVisualStudioVersion = 10.0.40219.1
Project("{2150E333-8FDC-42A3-9474-1A3956D46DE8}") = "csharp-prep", "csharp-prep", "{F7F2FF9E-AB05-4B4E-9D13-9954447901FB}"
EndProject
Project("{9A19103F-16F7-4668-BE54-9A1E7A4F7556}") = "Prep1", "csharp-prep\Prep1\Prep1.csproj", "{1DCFDC80-8E17-43EC-843D-C6289ECF3F29}"
EndProject
Project("{9A19103F-16F7-4668-BE54-9A1E7A4F7556}") = "Prep2", "csharp-prep\Prep2\Prep2.csproj", "{947EA890-7F26-451E-A305-AA51377182A1}"
EndProject
Project("{9A19103F-16F7-4668-BE54-9A1E7A4F7556}") = "Prep3", "csharp-prep\Prep3\Prep3.csproj", "{7E0B3E82-10B3-4856-A049-B0EA23AB28FE}"
EndProject
Project("{9A19103F-16F7-4668-BE54-9A1E7A4F7556}") = "Prep4", "csharp-prep\Prep4\Prep4.csproj", "{17E9A499-9107-46B2-B4EF-4AA494891776}"
EndProject
Project("{9A19103F-16F7-4668-BE54-9A1E7A4F7556}") = "Prep5", "csharp-prep\Prep5\Prep5.csproj", "{B2DF5A02-5CCC-4E79-9044-3D1152518E6C}"
EndProject
Project("{2150E333-8FDC-42A3-9474-1A3956D46DE8}") = "final", "final", "{9AB6052F-2A09-4C26-91DE-9D3E135A7323}"
EndProject
Project("{9A19103F-16F7-4668-BE54-9A1E7A4F7556}") = "FinalProject", "final\FinalProject\FinalProject.csproj", "{57A9181D-1686-4508-9436-DDEA99679FC9}"
EndProject
Project("{9A19103F-16F7-4668-BE54-9A1E7A4F7556}") = "Foundation1", "final\Foundation1\Foundation1.csproj", "{2778DBEA-D1CD-4776-AB5E-F1D0DD175884}"
EndProject
Project("{9A19103F-16F7-4668-BE54-9A1E7A4F7556}") = "Foundation2", "final\Foundation2\Foundation2.csproj", "{D3CAACE2-CFFA-4476-8491-C5EACE1A671F}"
EndProject
Project("{9A19103F-16F7-4668-BE54-9A1E7A4F7556}") = "Foundation3", "final\Foundation3\Foundation3.csproj", "{85849DF9-8301-4DAC-8BAC-76EDE5C1E5A8}"
EndProject
Project("{9A19103F-16F7-4668-BE54-9A1E7A4F7556}") = "Foundation4", "final\Foundation4\Foundation4.csproj", "{723D84EB-9299-426E-9DE7-388F8F396228}"
EndProject
Project("{2150E333-8FDC-42A3-9474-1A3956D46DE8}") = "prepare", "prepare", "{CFDE7237-FB40-4B79-ADDA-6FE830EE60DB}"
EndProject
Project("{9A19103F-16F7-4668-BE54-9A1E7A4F7556}") = "Learning02", "prepare\Learning02\Learning02.csproj", "{D3099151-CDA2-473A-8134-62254D5BC822}"
EndProject
Project("{9A19103F-16F7-4668-BE54-9A1E7A4F7556}") = "Learning03", "prepare\Learning03\Learning03.csproj", "{2DA0CA69-F6FB-4000-98C6-D6D4C2BE9772}"
EndProject
Project("{9A19103F-16F7-4668-BE54-9A1E7A4F7556}") = "Learning04", "prepare\Learning04\Learning04.csproj", "{26DF275D-0FAD-4F08-A417-DEFA9C722104}"
EndProject
Project("{9A19103F-16F7-4668-BE54-9A1E7A4F7556}") = "Learning05", "prepare\Learning05\Learning05.csproj", "{A9D62200-2224-49CD-99D3-A6CAAD626AF9}"
EndProject
Project("{2150E333-8FDC-42A3-9474-1A3956D46DE8}") = "prove", "prove", "{048312A2-1CC2-4385-9ECC-01818AC2FB32}"
EndProject
Project("{9A19103F-16F7-4668-BE54-9A1E7A4F7556}") = "Develop02", "prove\Develop02\Develop02.csproj", "{D51B5826-39C5-43DD-B558-C4171E2DE3D0}"
EndProject
Project("{9A19103F-16F7-4668-BE54-9A1E7A4F7556}") = "Develop03", "prove\Develop03\Develop03.csproj", "{B1ED0887-8B63-4D0F-974A-9CB380F416DC}"
EndProject
Project("{9A19103F-16F7-4668-BE54-9A1E7A4F7556}") = "Develop04", "prove\Develop04\Develop04.csproj", "{1D805E2C-6FB6-488D-B9D3-BA0C40655DAD}"
EndProject
Project("{9A19103F-16F7-4668-BE54-9A1E7A4F7556}") = "Develop05", "prove\Develop05\Develop05.csproj", "{25F7AE9D-91B1-4ED1-80BE-2F2873C979DB}"
EndProject
Project("{2150E333-8FDC-42A3-9474-1A3956D46DE8}") = "sandbox", "sandbox", "{65C9CDE1-DD77-4486-9AA2-02E451B67C97}"
EndProject
Project("{9A19103F-16F7-4668-BE54-9A1E7A4F7556}") = "Sandbox", "sandbox\Sandbox\Sandbox.csproj", "{AF94AE50-373B-4B6C-8955-DF92466D6762}"
EndProject
Global
	GlobalSection(SolutionConfigurationPlatforms) = preSolution
		Debug|Any CPU = Debug|Any CPU
		Release|Any CPU = Release|Any CPU
	EndGlobalSection
	GlobalSection(ProjectConfigurationPlatforms) = postSolution
		{1DCFDC80-8E17-43EC-843D-C6289ECF3F29}.Debug|Any CPU.ActiveCfg = Debug|Any CPU
		{1DCFDC80-8E17-43EC-843D-C6289ECF3F29}.Debug|Any CPU.Build.0 = Debug|Any CPU
		{1DCFDC80-8E17-43EC-843D-C6289ECF3F29}.Release|Any CPU.ActiveCfg = Release|Any CPU
		{1DCFDC80-8E17-43EC-843D-C6289ECF3F29}.Release|Any CPU.Build.0 = Release|Any CPU
		{947EA890-7F26-451E-A305-AA51377182A1}.Debug|Any CPU.ActiveCfg = Debug|Any CPU
		{947EA890-7F26-451E-A305-AA51377182A1}.Debug|Any CPU.Build.0 = Debug|Any CPU
		{947EA890-7F26-451E-A305-AA51377182A1}.Release|Any CPU.ActiveCfg = Release|Any CPU
		{947EA890-7F26-451E-A305-AA51377182A1}.Release|Any CPU.Build.0 = Release|Any CPU
		{7E0B3E82-10B3-4856-A049-B0EA23AB28FE}.Debug|Any CPU.ActiveCfg = Debug|Any CPU
		{7E0B3E82-10B3-4856-A049-B0EA23AB28FE}.Debug|Any CPU.Build.0 = Debug|Any CPU
		{7E0B3E82-10B3-4856-A049-B0EA23AB28FE}.Release|Any CPU.ActiveCfg = Release|Any CPU
		{7E0B3E82-10B3-4856-A049-B0EA23AB28FE}.Release|Any CPU.Build.0 = Release|Any CPU
		{17E9A499-9107-46B2-B4EF-4AA494891776}.Debug|Any CPU.ActiveCfg = Debug|Any CPU
		{17E9A499-9107-46B2-B4EF-4AA494891776}.Debug|Any CPU.Build.0 = Debug|Any CPU
		{17E9A499-9107-46B2-B4EF-4AA494891776}.Release|Any CPU.ActiveCfg = Release|Any CPU
		{17E9A499-9107-46B2-B4EF-4AA494891776}.Release|Any CPU.Build.0 = Release|Any CPU
		{B2DF5A02-5CCC-4E79-9044-3D1152518E6C}.Debug|Any CPU.ActiveCfg = Debug|Any CPU
		{B2DF5A02-5CCC-4E79-9044-3D1152518E6C}.Debug|Any CPU.Build.0 = Debug|Any CPU
		{B2DF5A02-5CCC-4E79-9044-3D1152518E6C}.Release|Any CPU.ActiveCfg = Release|Any CPU
		{B2DF5A02-5CCC-4E79-9044-3D1152518E6C}.Release|Any CPU.Build.0 = Release|Any CPU
		{57A9181D-1686-4508-9436-DDEA99679FC9}.Debug|Any CPU.ActiveCfg = Debug|Any CPU
		{57A9181D-1686-4508-9436-DDEA99679FC9}.Debug|Any CPU.Build.0 = Debug|Any CPU
		{57A9181D-1686-4508-9436-DDEA99679FC9}.Release|Any CPU.ActiveCfg = Release|Any CPU
		{57A9181D-1686-4508-9436-DDEA99679FC9}.Release|Any CPU.Build.0 = Release|Any CPU
		{2778DBEA-D1CD-4776-AB5E-F1D0DD175884}.Debug|Any CPU.ActiveCfg = Debug|Any CPU
		{2778DBEA-D1CD-4776-AB5E-F1D0DD175884}.Debug|Any CPU.Build.0 = Debug|Any CPU
		{2778DBEA-D1CD-4776-AB5E-F1D0DD175884}.Release|Any CPU.ActiveCfg = Release|Any CPU
		{2778DBEA-D1CD-4776-AB5E-F1D0DD175884}.Release|Any CPU.Build.0 = Release|Any CPU
		{D3CAACE2-CFFA-4476-8491-C5EACE1A671F}.Debug|Any CPU.ActiveCfg = Debug|Any CPU
		{D3CAACE2-CFFA-4476-8491-C5EACE1A671F}.Debug|Any CPU.Build.0 = Debug|Any CPU
		{D3CAACE2-CFFA-4476-8491-C5EACE1A671F}.Release|Any CPU.ActiveCfg = Release|Any CPU
		{D3CAACE2-CFFA-4476-8491-C5EACE1A671F}.Release|Any CPU.Build.0 = Release|Any CPU
		{85849DF9-8301-4DAC-8BAC-76EDE5C1E5A8}.Debug|Any CPU.ActiveCfg = Debug|Any CPU
		{85849DF9-8301-4DAC-8BAC-76EDE5C1E5A8}.Debug|Any CPU.Build.0 = Debug|Any CPU
		{85849DF9-8301-4DAC-8BAC-76EDE5C1E5A8}.Release|Any CPU.ActiveCfg = Release|Any CPU
		{85849DF9-8301-4DAC-8BAC-76EDE5C1E5A8}.Release|Any CPU.Build.0 = Release|Any CPU
		{723D84EB-9299-426E-9DE7-388F8F396228}.Debug|Any CPU.ActiveCfg = Debug|Any CPU
		{723D84EB-9299-426E-9DE7-388F8F396228}.Debug|Any CPU.Build.0 = Debug|Any CPU
		{723D84EB-9299-426E-9DE7-388F8F396228}.Release|Any CPU.ActiveCfg = Release|Any CPU
		{723D84EB-9299-426E-9DE7-388F8F396228}.Release|Any CPU.Build.0 = Release|Any CPU
		{D3099151-CDA2-473A-8134-62254D5BC822}.Debug|Any CPU.ActiveCfg = Debug|Any CPU
		{D3099151-CDA2-473A-8134-62254D5BC822}.Debug|Any CPU.Build.0 = Debug|Any CPU
		{D3099151-CDA2-473A-8134-62254D5BC822}.Release|Any CPU.ActiveCfg = Release|Any CPU
		{D3099151-CDA2-473A-8134-62254D5BC822}.Release|Any CPU.Build.0 = Release|Any CPU
		{2DA0CA69-F6FB-4000-98C6-D6D4C2BE9772}.Debug|Any CPU.ActiveCfg = Debug|Any CPU
		{2DA0CA69-F6FB-4000-98C6-D6D4C2BE9772}.Debug|Any CPU.Build.0 = Debug|Any CPU
		{2DA0CA69-F6FB-4000-98C6-D6D4C2BE9772}.Release|Any CPU.ActiveCfg = Release|Any CPU
		{2DA0CA69-F6FB-4000-98C6-D6D4C2BE9772}.Release|Any CPU.Build.0 = Release|Any CPU
		{26DF275D-0FAD-4F08-A417-DEFA9C722104}.Debug|Any CPU.ActiveCfg = Debug|Any CPU
		{26DF275D-0FAD-4F08-A417-DEFA9C722104}.Debug|Any CPU.Build.0 = Debug|Any CPU
		{26DF275D-0FAD-4F08-A417-DEFA9C722104}.Release|Any CPU.ActiveCfg = Release|Any CPU
		{26DF275D-0FAD-4F08-A417-DEFA9C722104}.Release|Any CPU.Build.0 = Release|Any CPU
		{A9D62200-2224-49CD-99D3-A6CAAD626AF9}.Debug|Any CPU.ActiveCfg = Debug|Any CPU
		{A9D62200-2224-49CD-99D3-A6CAAD626AF9}.Debug|Any CPU.Build.0 = Debug|Any CPU
		{A9D62200-2224-49CD-99D3-A6CAAD626AF9}.Release|Any CPU.ActiveCfg = Release|Any CPU
		{A9D62200-2224-49CD-99D3-A6CAAD626AF9}.Release|Any CPU.Build.0 = Release|Any CPU
		{D51B5826-39C5-43DD-B558-C4171E2DE3D0}.Debug|Any CPU.ActiveCfg = Debug|Any CPU
		{D51B5826-39C5-43DD-B558-C4171E2DE3D0}.Debug|Any CPU.Build.0 = Debug|Any CPU
		{D51B5826-39C5-43DD-B558-C4171E2DE3D0}.Release|Any CPU.ActiveCfg = Release|Any CPU
		{D51B5826-39C5-43DD-B558-C4171E2DE3D0}.Release|Any CPU.Build.0 = Release|Any CPU
		{B1ED0887-8B63-4D0F-974A-9CB380F416DC}.Debug|Any CPU.ActiveCfg = Debug|Any CPU
		{B1ED0887-8B63-4D0F-974A-9CB380F416DC}.Debug|Any CPU.Build.0 = Debug|Any CPU
		{B1ED0887-8B63-4D0F-974A-9CB380F416DC}.Release|Any CPU.ActiveCfg = Release|Any CPU
		{B1ED0887-8B63-4D0F-974A-9CB380F416DC}.Release|Any CPU.Build.0 = Release|Any CPU
		{1D805E2C-6FB6-488D-B9D3-BA0C40655DAD}.Debug|Any CPU.ActiveCfg = Debug|Any CPU
		{1D805E2C-6FB6-488D-B9D3-BA0C40655DAD}.Debug|Any CPU.Build.0 = Debug|Any CPU
		{1D805E2C-6FB6-488D-B9D3-BA0C40655DAD}.Release|Any CPU.ActiveCfg = Release|Any CPU
		{1D805E2C-6FB6-488D-B9D3-BA0C40655DAD}.Release|Any CPU.Build.0 = Release|Any CPU
		{25F7AE9D-91B1-4ED1-80BE-2F2873C979DB}.Debug|Any CPU.ActiveCfg = Debug|Any CPU
		{25F7AE9D-91B1-4ED1-80BE-2F2873C979DB}.Debug|Any CPU.Build.0 = Debug|Any CPU
		{25F7AE9D-91B1-4ED1-80BE-2F2873C979DB}.Release|Any CPU.ActiveCfg = Release|Any CPU
		{25F7AE9D-91B1-4ED1-80BE-2F2873C979DB}.Release|Any CPU.Build.0 = Release|Any CPU
		{AF94AE50-373B-4B6C-8955-DF92466D6762}.Debug|Any CPU.ActiveCfg = Debug|Any CPU
		{AF94AE50-373B-4B6C-8955-DF92466D6762}.Debug|Any CPU.Build.0 = Debug|Any CPU
		{AF94AE50-373B-4B6C-8955-DF92466D6762}.Release|Any CPU.ActiveCfg = Release|Any CPU
		{AF94AE50-373B-4B6C-8955-DF92466D6762}.Release|Any CPU.Build.0 = Release|Any CPU
	EndGlobalSection
	GlobalSection(SolutionProperties) = preSolution
		HideSolutionNode = FALSE
	EndGlobalSection
	GlobalSection(NestedProjects) = preSolution
		{1DCFDC80-8E17-43EC-843D-C6289ECF3F29} = {F7F2FF9E-AB05-4B4E-9D13-9954447901FB}
		{947EA890-7F26-451E-A305-AA51377182A1} = {F7F2FF9E-AB05-4B4E-9D13-9954447901FB}
		{7E0B3E82-10B3-4856-A049-B0EA23AB28FE} = {F7F2FF9E-AB05-4B4E-9D13-9954447901FB}
		{17E9A499-9107-46B2-B4EF-4AA494891776} = {F7F2FF9E-AB05-4B4E-9D13-9954447901FB}
		{B2DF5A02-5CCC-4E79-9044-3D1152518E6C} = {F7F2FF9E-AB05-4B4E-9D13-9954447901FB}
		{57A9181D-1686-4508-9436-DDEA99679FC9} = {9AB6052F-2A09-4C26-91DE-9D3E135A7323}
		{2778DBEA-D1CD-4776-AB5E-F1D0DD175884} = {9AB6052F-2A09-4C26-91DE-9D3E135A7323}
		{D3CAACE2-CFFA-4476-8491-C5EACE1A671F} = {9AB6052F-2A09-4C26-91DE-9D3E135A7323}
		{85849DF9-8301-4DAC-8BAC-76EDE5C1E5A8} = {9AB6052F-2A09-4C26-91DE-9D3E135A7323}
		{723D84EB-9299-426E-9DE7-388F8F396228} = {9AB6052F-2A09-4C26-91DE-9D3E135A7323}
		{D3099151-CDA2-473A-8134-62254D5BC822} = {CFDE7237-FB40-4B79-ADDA-6FE830EE60DB}
		{2DA0CA69-F6FB-4000-98C6-D6D4C2BE9772} = {CFDE7237-FB40-4B79-ADDA-6FE830EE60DB}
		{26DF275D-0FAD-4F08-A417-DEFA9C722104} = {CFDE7237-FB40-4B79-ADDA-6FE830EE60DB}
		{A9D62200-2224-49CD-99D3-A6CAAD626AF9} = {CFDE7237-FB40-4B79-ADDA-6FE830EE60DB}
		{D51B5826-39C5-43DD-B558-C4171E2DE3D0} = {048312A2-1CC2-4385-9ECC-01818AC2FB32}
		{B1ED0887-8B63-4D0F-974A-9CB380F416DC} = {048312A2-1CC2-4385-9ECC-01818AC2FB32}
		{1D805E2C-6FB6-488D-B9D3-BA0C40655DAD} = {048312A2-1CC2-4385-9ECC-01818AC2FB32}
		{25F7AE9D-91B1-4ED1-80BE-2F2873C979DB} = {048312A2-1CC2-4385-9ECC-01818AC2FB32}
		{AF94AE50-373B-4B6C-8955-DF92466D6762} = {65C9CDE1-DD77-4486-9AA2-02E451B67C97}
	EndGlobalSection
	GlobalSection(ExtensibilityGlobals) = postSolution
		SolutionGuid = {D4D438FB-C32E-48D6-9E08-B7FC03B625AD}
	EndGlobalSection
EndGlobal
